
Microsoft Visual Studio Solution File, Format Version 12.00
# Visual Studio Version 17
VisualStudioVersion = 17.9.34622.214
MinimumVisualStudioVersion = 10.0.40219.1
Project("{FAE04EC0-301F-11D3-BF4B-00C04F79EFBC}") = "Kursovoy_project_electronic_shop", "Kursovoy_project_electronic_shop\Kursovoy_project_electronic_shop.csproj", "{92B84AFB-90CF-40F7-BB01-90BD5BA38DCD}"
EndProject
Project("{00D1A9C2-B5F0-4AF3-8072-F6C62B433612}") = "Database_electronic_shop", "Database_electronic_shop\Database_electronic_shop.sqlproj", "{964C5A2D-36B4-4A79-BDB6-777B98470779}"
EndProject
Project("{FAE04EC0-301F-11D3-BF4B-00C04F79EFBC}") = "DatabaseAccessLayer", "DatabaseAccessLayer\DatabaseAccessLayer.csproj", "{6B738890-E5C6-4833-B9AD-894B585362FB}"
EndProject
Global
	GlobalSection(SolutionConfigurationPlatforms) = preSolution
		Debug|Any CPU = Debug|Any CPU
		Release|Any CPU = Release|Any CPU
	EndGlobalSection
	GlobalSection(ProjectConfigurationPlatforms) = postSolution
		{92B84AFB-90CF-40F7-BB01-90BD5BA38DCD}.Debug|Any CPU.ActiveCfg = Debug|Any CPU
		{92B84AFB-90CF-40F7-BB01-90BD5BA38DCD}.Debug|Any CPU.Build.0 = Debug|Any CPU
		{92B84AFB-90CF-40F7-BB01-90BD5BA38DCD}.Release|Any CPU.ActiveCfg = Release|Any CPU
		{92B84AFB-90CF-40F7-BB01-90BD5BA38DCD}.Release|Any CPU.Build.0 = Release|Any CPU
		{964C5A2D-36B4-4A79-BDB6-777B98470779}.Debug|Any CPU.ActiveCfg = Debug|Any CPU
		{964C5A2D-36B4-4A79-BDB6-777B98470779}.Debug|Any CPU.Build.0 = Debug|Any CPU
		{964C5A2D-36B4-4A79-BDB6-777B98470779}.Debug|Any CPU.Deploy.0 = Debug|Any CPU
		{964C5A2D-36B4-4A79-BDB6-777B98470779}.Release|Any CPU.ActiveCfg = Release|Any CPU
		{964C5A2D-36B4-4A79-BDB6-777B98470779}.Release|Any CPU.Build.0 = Release|Any CPU
		{964C5A2D-36B4-4A79-BDB6-777B98470779}.Release|Any CPU.Deploy.0 = Release|Any CPU
		{6B738890-E5C6-4833-B9AD-894B585362FB}.Debug|Any CPU.ActiveCfg = Debug|Any CPU
		{6B738890-E5C6-4833-B9AD-894B585362FB}.Debug|Any CPU.Build.0 = Debug|Any CPU
		{6B738890-E5C6-4833-B9AD-894B585362FB}.Release|Any CPU.ActiveCfg = Release|Any CPU
		{6B738890-E5C6-4833-B9AD-894B585362FB}.Release|Any CPU.Build.0 = Release|Any CPU
	EndGlobalSection
	GlobalSection(SolutionProperties) = preSolution
		HideSolutionNode = FALSE
	EndGlobalSection
	GlobalSection(ExtensibilityGlobals) = postSolution
		SolutionGuid = {18CD603A-978A-449F-ACC0-EABF29C87F08}
	EndGlobalSection
EndGlobal
